{
  "name": "fivem-freecam",
  "version": "1.0.0",
  "lockfileVersion": 3,
  "requires": true,
  "packages": {
    "": {
      "name": "fivem-freecam",
      "version": "1.0.0",
      "dependencies": {
        "@citizenfx/client": "^2.0.25018-1"
      }
    },
    "node_modules/@citizenfx/client": {
      "version": "2.0.25018-1",
      "resolved": "https://registry.npmjs.org/@citizenfx/client/-/client-2.0.25018-1.tgz",
      "integrity": "sha512-wGf6+m7VinL8PRKb2A+bQRciE1XIxwDqHwIRYXFj+ehGGiy8fiEsi6kZshc1tgJ3w5sYpKVjdKky59/QBXJnkw=="
    }
  }
}
